
Microsoft Visual Studio Solution File, Format Version 12.00
# Visual Studio Version 16
VisualStudioVersion = 16.0.31229.75
MinimumVisualStudioVersion = 10.0.40219.1
Project("{FAE04EC0-301F-11D3-BF4B-00C04F79EFBC}") = "CursoEntityFramework1", "CursoEntityFramework1\CursoEntityFramework1.csproj", "{CDC0566C-A97D-4DD0-B39A-E2FB07D00572}"
EndProject
Global
	GlobalSection(SolutionConfigurationPlatforms) = preSolution
		Debug|Any CPU = Debug|Any CPU
		Release|Any CPU = Release|Any CPU
	EndGlobalSection
	GlobalSection(ProjectConfigurationPlatforms) = postSolution
		{CDC0566C-A97D-4DD0-B39A-E2FB07D00572}.Debug|Any CPU.ActiveCfg = Debug|Any CPU
		{CDC0566C-A97D-4DD0-B39A-E2FB07D00572}.Debug|Any CPU.Build.0 = Debug|Any CPU
		{CDC0566C-A97D-4DD0-B39A-E2FB07D00572}.Release|Any CPU.ActiveCfg = Release|Any CPU
		{CDC0566C-A97D-4DD0-B39A-E2FB07D00572}.Release|Any CPU.Build.0 = Release|Any CPU
	EndGlobalSection
	GlobalSection(SolutionProperties) = preSolution
		HideSolutionNode = FALSE
	EndGlobalSection
	GlobalSection(ExtensibilityGlobals) = postSolution
		SolutionGuid = {A1675502-3ED3-44A2-A180-6D6CE6D21E9B}
	EndGlobalSection
EndGlobal
